
Microsoft Visual Studio Solution File, Format Version 12.00
# Visual Studio 15
VisualStudioVersion = 15.0.28307.421
MinimumVisualStudioVersion = 10.0.40219.1
Project("{E24C65DC-7377-472B-9ABA-BC803B73C61A}") = "ProjectWithDesignServer", "ProjectWithDesignServer\", "{3B76B380-BC42-4784-9726-8D9C9891BFC5}"
	ProjectSection(WebsiteProperties) = preProject
		TargetFrameworkMoniker = ".NETFramework,Version%3Dv4.6.1"
		ProjectReferences = "{618cd0a1-9b12-43b5-9219-78c4431a7d75}|ProjectWithDesignBAL.dll;{6494BE55-8FFF-41B4-BEAA-67DE72E9B310}|ProjectWithDesignDAL.dll;"
		Debug.AspNetCompiler.VirtualPath = "/localhost_49673"
		Debug.AspNetCompiler.PhysicalPath = "ProjectWithDesignServer\"
		Debug.AspNetCompiler.TargetPath = "PrecompiledWeb\localhost_49673\"
		Debug.AspNetCompiler.Updateable = "true"
		Debug.AspNetCompiler.ForceOverwrite = "true"
		Debug.AspNetCompiler.FixedNames = "false"
		Debug.AspNetCompiler.Debug = "True"
		Release.AspNetCompiler.VirtualPath = "/localhost_49673"
		Release.AspNetCompiler.PhysicalPath = "ProjectWithDesignServer\"
		Release.AspNetCompiler.TargetPath = "PrecompiledWeb\localhost_49673\"
		Release.AspNetCompiler.Updateable = "true"
		Release.AspNetCompiler.ForceOverwrite = "true"
		Release.AspNetCompiler.FixedNames = "false"
		Release.AspNetCompiler.Debug = "False"
		VWDPort = "49673"
		SlnRelativePath = "ProjectWithDesignServer\"
		DefaultWebSiteLanguage = "Visual C#"
	EndProjectSection
EndProject
Project("{FAE04EC0-301F-11D3-BF4B-00C04F79EFBC}") = "ProjectWithDesignDAL", "ProjectWithDesignDAL\ProjectWithDesignDAL.csproj", "{6494BE55-8FFF-41B4-BEAA-67DE72E9B310}"
EndProject
Project("{FAE04EC0-301F-11D3-BF4B-00C04F79EFBC}") = "ProjectWithDesignBAL", "ProjectWithDesignBAL\ProjectWithDesignBAL.csproj", "{618CD0A1-9B12-43B5-9219-78C4431A7D75}"
EndProject
Global
	GlobalSection(SolutionConfigurationPlatforms) = preSolution
		Debug|Any CPU = Debug|Any CPU
		Release|Any CPU = Release|Any CPU
	EndGlobalSection
	GlobalSection(ProjectConfigurationPlatforms) = postSolution
		{3B76B380-BC42-4784-9726-8D9C9891BFC5}.Debug|Any CPU.ActiveCfg = Debug|Any CPU
		{3B76B380-BC42-4784-9726-8D9C9891BFC5}.Debug|Any CPU.Build.0 = Debug|Any CPU
		{3B76B380-BC42-4784-9726-8D9C9891BFC5}.Release|Any CPU.ActiveCfg = Debug|Any CPU
		{3B76B380-BC42-4784-9726-8D9C9891BFC5}.Release|Any CPU.Build.0 = Debug|Any CPU
		{6494BE55-8FFF-41B4-BEAA-67DE72E9B310}.Debug|Any CPU.ActiveCfg = Debug|Any CPU
		{6494BE55-8FFF-41B4-BEAA-67DE72E9B310}.Debug|Any CPU.Build.0 = Debug|Any CPU
		{6494BE55-8FFF-41B4-BEAA-67DE72E9B310}.Release|Any CPU.ActiveCfg = Release|Any CPU
		{6494BE55-8FFF-41B4-BEAA-67DE72E9B310}.Release|Any CPU.Build.0 = Release|Any CPU
		{618CD0A1-9B12-43B5-9219-78C4431A7D75}.Debug|Any CPU.ActiveCfg = Debug|Any CPU
		{618CD0A1-9B12-43B5-9219-78C4431A7D75}.Debug|Any CPU.Build.0 = Debug|Any CPU
		{618CD0A1-9B12-43B5-9219-78C4431A7D75}.Release|Any CPU.ActiveCfg = Release|Any CPU
		{618CD0A1-9B12-43B5-9219-78C4431A7D75}.Release|Any CPU.Build.0 = Release|Any CPU
	EndGlobalSection
	GlobalSection(SolutionProperties) = preSolution
		HideSolutionNode = FALSE
	EndGlobalSection
	GlobalSection(ExtensibilityGlobals) = postSolution
		SolutionGuid = {6DF4BDF8-B769-439D-9D5D-55BEB207DE09}
	EndGlobalSection
EndGlobal
